
Microsoft Visual Studio Solution File, Format Version 12.00
# Visual Studio Version 16
VisualStudioVersion = 16.0.31205.134
MinimumVisualStudioVersion = 10.0.40219.1
Project("{FAE04EC0-301F-11D3-BF4B-00C04F79EFBC}") = "Bai2", "Bai2\Bai2.csproj", "{D621FC3C-3646-4E9F-B317-7D8681EF5B23}"
EndProject
Global
	GlobalSection(SolutionConfigurationPlatforms) = preSolution
		Debug|Any CPU = Debug|Any CPU
		Release|Any CPU = Release|Any CPU
	EndGlobalSection
	GlobalSection(ProjectConfigurationPlatforms) = postSolution
		{D621FC3C-3646-4E9F-B317-7D8681EF5B23}.Debug|Any CPU.ActiveCfg = Debug|Any CPU
		{D621FC3C-3646-4E9F-B317-7D8681EF5B23}.Debug|Any CPU.Build.0 = Debug|Any CPU
		{D621FC3C-3646-4E9F-B317-7D8681EF5B23}.Release|Any CPU.ActiveCfg = Release|Any CPU
		{D621FC3C-3646-4E9F-B317-7D8681EF5B23}.Release|Any CPU.Build.0 = Release|Any CPU
	EndGlobalSection
	GlobalSection(SolutionProperties) = preSolution
		HideSolutionNode = FALSE
	EndGlobalSection
	GlobalSection(ExtensibilityGlobals) = postSolution
		SolutionGuid = {B8091313-4185-490D-BF32-F6754D386A38}
	EndGlobalSection
EndGlobal
